
Microsoft Visual Studio Solution File, Format Version 12.00
# Visual Studio Version 16
VisualStudioVersion = 16.0.31702.278
MinimumVisualStudioVersion = 10.0.40219.1
Project("{FAE04EC0-301F-11D3-BF4B-00C04F79EFBC}") = "WpfGitDemo", "WpfGitDemo.csproj", "{CA5EF3DC-C13D-4D93-9160-64DE7ACE5688}"
EndProject
Global
	GlobalSection(SolutionConfigurationPlatforms) = preSolution
		Debug|Any CPU = Debug|Any CPU
		Release|Any CPU = Release|Any CPU
	EndGlobalSection
	GlobalSection(ProjectConfigurationPlatforms) = postSolution
		{CA5EF3DC-C13D-4D93-9160-64DE7ACE5688}.Debug|Any CPU.ActiveCfg = Debug|Any CPU
		{CA5EF3DC-C13D-4D93-9160-64DE7ACE5688}.Debug|Any CPU.Build.0 = Debug|Any CPU
		{CA5EF3DC-C13D-4D93-9160-64DE7ACE5688}.Release|Any CPU.ActiveCfg = Release|Any CPU
		{CA5EF3DC-C13D-4D93-9160-64DE7ACE5688}.Release|Any CPU.Build.0 = Release|Any CPU
	EndGlobalSection
	GlobalSection(SolutionProperties) = preSolution
		HideSolutionNode = FALSE
	EndGlobalSection
	GlobalSection(ExtensibilityGlobals) = postSolution
		SolutionGuid = {6A7930D8-22D3-41B2-AA88-F7AD155BFBBB}
	EndGlobalSection
EndGlobal
